
Microsoft Visual Studio Solution File, Format Version 12.00
# Visual Studio Version 16
VisualStudioVersion = 16.0.32901.82
MinimumVisualStudioVersion = 10.0.40219.1
Project("{FAE04EC0-301F-11D3-BF4B-00C04F79EFBC}") = "LapTrinhWeb_QuanLyBanXe", "Nhom9_LapTrinhWeb_QuanLyBanXe\LapTrinhWeb_QuanLyBanXe.csproj", "{DA66E4BE-C822-41E6-ADA8-6D0FA557654A}"
EndProject
Global
	GlobalSection(SolutionConfigurationPlatforms) = preSolution
		Debug|Any CPU = Debug|Any CPU
		Release|Any CPU = Release|Any CPU
	EndGlobalSection
	GlobalSection(ProjectConfigurationPlatforms) = postSolution
		{DA66E4BE-C822-41E6-ADA8-6D0FA557654A}.Debug|Any CPU.ActiveCfg = Debug|Any CPU
		{DA66E4BE-C822-41E6-ADA8-6D0FA557654A}.Debug|Any CPU.Build.0 = Debug|Any CPU
		{DA66E4BE-C822-41E6-ADA8-6D0FA557654A}.Release|Any CPU.ActiveCfg = Release|Any CPU
		{DA66E4BE-C822-41E6-ADA8-6D0FA557654A}.Release|Any CPU.Build.0 = Release|Any CPU
	EndGlobalSection
	GlobalSection(SolutionProperties) = preSolution
		HideSolutionNode = FALSE
	EndGlobalSection
	GlobalSection(ExtensibilityGlobals) = postSolution
		SolutionGuid = {E8155C09-0E73-437E-A5FE-71430B6B99A2}
	EndGlobalSection
EndGlobal
